
Microsoft Visual Studio Solution File, Format Version 12.00
# Visual Studio Version 16
VisualStudioVersion = 16.0.30804.86
MinimumVisualStudioVersion = 10.0.40219.1
Project("{FAE04EC0-301F-11D3-BF4B-00C04F79EFBC}") = "MultiplicativeModel", "MultiplicativeModel.csproj", "{5E7A6956-07F9-4901-A550-04A9A7E2E765}"
EndProject
Global
	GlobalSection(SolutionConfigurationPlatforms) = preSolution
		Debug|Any CPU = Debug|Any CPU
		Release|Any CPU = Release|Any CPU
	EndGlobalSection
	GlobalSection(ProjectConfigurationPlatforms) = postSolution
		{5E7A6956-07F9-4901-A550-04A9A7E2E765}.Debug|Any CPU.ActiveCfg = Debug|Any CPU
		{5E7A6956-07F9-4901-A550-04A9A7E2E765}.Debug|Any CPU.Build.0 = Debug|Any CPU
		{5E7A6956-07F9-4901-A550-04A9A7E2E765}.Release|Any CPU.ActiveCfg = Release|Any CPU
		{5E7A6956-07F9-4901-A550-04A9A7E2E765}.Release|Any CPU.Build.0 = Release|Any CPU
	EndGlobalSection
	GlobalSection(SolutionProperties) = preSolution
		HideSolutionNode = FALSE
	EndGlobalSection
	GlobalSection(ExtensibilityGlobals) = postSolution
		SolutionGuid = {0AFD7886-909A-4B02-B6E6-73CEEBB54C76}
	EndGlobalSection
EndGlobal
